# This file is autogenerated, do not edit; changes may be undone by the next 'dep ensure'.


[[projects]]
  branch = "master"
  name = "github.com/ebfe/scard"
  packages = ["."]
  revision = "136eebbd7d749e6354ed1bb105b88f89c7d80b03"

[solve-meta]
  analyzer-name = "dep"
  analyzer-version = 1
  inputs-digest = "644ec902b35f7796b30b162a7d677b992f51ae94eca94306b52292b3e13189bc"
  solver-name = "gps-cdcl"
  solver-version = 1
